
Microsoft Visual Studio Solution File, Format Version 12.00
Project("{FAE04EC0-301F-11D3-BF4B-00C04F79EFBC}") = "pengdows.crud", "pengdows.crud\pengdows.crud.csproj", "{85659FF1-ADA5-4C41-9863-D6797A02AB51}"
EndProject
Project("{FAE04EC0-301F-11D3-BF4B-00C04F79EFBC}") = "testbed", "testbed\testbed.csproj", "{E16BBAE3-7346-4966-BC7D-C3A5A748B756}"
EndProject
Project("{FAE04EC0-301F-11D3-BF4B-00C04F79EFBC}") = "pengdows.crud.Tests", "pengdows.crud.Tests\pengdows.crud.Tests.csproj", "{7338F4D1-5A9D-4788-A39E-1DB08C822DA4}"
EndProject
Project("{FAE04EC0-301F-11D3-BF4B-00C04F79EFBC}") = "pengdows.crud.fakeDb", "pengdows.crud.fakeDb\pengdows.crud.fakeDb.csproj", "{9A4E2E22-7A2B-4FAA-8AB1-40AFBB387082}"
EndProject
Project("{FAE04EC0-301F-11D3-BF4B-00C04F79EFBC}") = "pengdows.crud.abstractions", "pengdows.crud.abstractions\pengdows.crud.abstractions.csproj", "{6789A923-BDFC-4811-8BD9-0E091B21D435}"
EndProject
Project("{FAE04EC0-301F-11D3-BF4B-00C04F79EFBC}") = "CrudBenchmarks", "benchmarks\CrudBenchmarks\CrudBenchmarks.csproj", "{B3E9C6A4-9C4F-4D53-9F8F-1B7D1B8C5D3A}"
EndProject
Project("{FAE04EC0-301F-11D3-BF4B-00C04F79EFBC}") = "pengdows.crud.IntegrationTests", "pengdows.crud.IntegrationTests\pengdows.crud.IntegrationTests.csproj", "{C82829A5-4F23-4BEA-893B-DCFE192BFC24}"
EndProject
Project("{2150E333-8FDC-42A3-9474-1A3956D46DE8}") = "tools", "tools", "{07C2787E-EAC7-C090-1BA3-A61EC2A24D84}"
EndProject
Project("{FAE04EC0-301F-11D3-BF4B-00C04F79EFBC}") = "verify-novendor.Tests", "tools\verify-novendor.Tests\verify-novendor.Tests.csproj", "{85B4A8BB-7883-464F-9330-AF0C3AF30E6B}"
EndProject
Project("{FAE04EC0-301F-11D3-BF4B-00C04F79EFBC}") = "verify-novendor", "tools\verify-novendor\verify-novendor.csproj", "{39EA517F-A6A3-4E5A-8B06-D451DF0AA1AD}"
EndProject
Project("{FAE04EC0-301F-11D3-BF4B-00C04F79EFBC}") = "pengdows.stormgate", "pengdows.stormgate\pengdows.stormgate.csproj", "{26724189-A9B2-4CD8-AEA4-87213203EBF9}"
EndProject
Project("{FAE04EC0-301F-11D3-BF4B-00C04F79EFBC}") = "pengdows.stormgate.Tests", "pengdows.stormgate.Tests\pengdows.stormgate.Tests.csproj", "{B9B54F56-69B9-44B8-9EE6-FDFAFB4E5D09}"
EndProject
Project("{FAE04EC0-301F-11D3-BF4B-00C04F79EFBC}") = "pengdows.crud.opentelemetry", "pengdows.crud.opentelemetry\pengdows.crud.opentelemetry.csproj", "{1A618084-67C3-4FB6-B03C-5A0A4D744BB0}"
EndProject
Global
	GlobalSection(SolutionConfigurationPlatforms) = preSolution
		Debug|Any CPU = Debug|Any CPU
		Debug|x64 = Debug|x64
		Debug|x86 = Debug|x86
		Release|Any CPU = Release|Any CPU
		Release|x64 = Release|x64
		Release|x86 = Release|x86
	EndGlobalSection
	GlobalSection(ProjectConfigurationPlatforms) = postSolution
		{85659FF1-ADA5-4C41-9863-D6797A02AB51}.Debug|Any CPU.ActiveCfg = Debug|Any CPU
		{85659FF1-ADA5-4C41-9863-D6797A02AB51}.Debug|Any CPU.Build.0 = Debug|Any CPU
		{85659FF1-ADA5-4C41-9863-D6797A02AB51}.Debug|x64.ActiveCfg = Debug|Any CPU
		{85659FF1-ADA5-4C41-9863-D6797A02AB51}.Debug|x64.Build.0 = Debug|Any CPU
		{85659FF1-ADA5-4C41-9863-D6797A02AB51}.Debug|x86.ActiveCfg = Debug|Any CPU
		{85659FF1-ADA5-4C41-9863-D6797A02AB51}.Debug|x86.Build.0 = Debug|Any CPU
		{85659FF1-ADA5-4C41-9863-D6797A02AB51}.Release|Any CPU.ActiveCfg = Release|Any CPU
		{85659FF1-ADA5-4C41-9863-D6797A02AB51}.Release|Any CPU.Build.0 = Release|Any CPU
		{85659FF1-ADA5-4C41-9863-D6797A02AB51}.Release|x64.ActiveCfg = Release|Any CPU
		{85659FF1-ADA5-4C41-9863-D6797A02AB51}.Release|x64.Build.0 = Release|Any CPU
		{85659FF1-ADA5-4C41-9863-D6797A02AB51}.Release|x86.ActiveCfg = Release|Any CPU
		{85659FF1-ADA5-4C41-9863-D6797A02AB51}.Release|x86.Build.0 = Release|Any CPU
		{E16BBAE3-7346-4966-BC7D-C3A5A748B756}.Debug|Any CPU.ActiveCfg = Debug|Any CPU
		{E16BBAE3-7346-4966-BC7D-C3A5A748B756}.Debug|Any CPU.Build.0 = Debug|Any CPU
		{E16BBAE3-7346-4966-BC7D-C3A5A748B756}.Debug|x64.ActiveCfg = Debug|Any CPU
		{E16BBAE3-7346-4966-BC7D-C3A5A748B756}.Debug|x64.Build.0 = Debug|Any CPU
		{E16BBAE3-7346-4966-BC7D-C3A5A748B756}.Debug|x86.ActiveCfg = Debug|Any CPU
		{E16BBAE3-7346-4966-BC7D-C3A5A748B756}.Debug|x86.Build.0 = Debug|Any CPU
		{E16BBAE3-7346-4966-BC7D-C3A5A748B756}.Release|Any CPU.ActiveCfg = Release|Any CPU
		{E16BBAE3-7346-4966-BC7D-C3A5A748B756}.Release|Any CPU.Build.0 = Release|Any CPU
		{E16BBAE3-7346-4966-BC7D-C3A5A748B756}.Release|x64.ActiveCfg = Release|Any CPU
		{E16BBAE3-7346-4966-BC7D-C3A5A748B756}.Release|x64.Build.0 = Release|Any CPU
		{E16BBAE3-7346-4966-BC7D-C3A5A748B756}.Release|x86.ActiveCfg = Release|Any CPU
		{E16BBAE3-7346-4966-BC7D-C3A5A748B756}.Release|x86.Build.0 = Release|Any CPU
		{7338F4D1-5A9D-4788-A39E-1DB08C822DA4}.Debug|Any CPU.ActiveCfg = Debug|Any CPU
		{7338F4D1-5A9D-4788-A39E-1DB08C822DA4}.Debug|Any CPU.Build.0 = Debug|Any CPU
		{7338F4D1-5A9D-4788-A39E-1DB08C822DA4}.Debug|x64.ActiveCfg = Debug|Any CPU
		{7338F4D1-5A9D-4788-A39E-1DB08C822DA4}.Debug|x64.Build.0 = Debug|Any CPU
		{7338F4D1-5A9D-4788-A39E-1DB08C822DA4}.Debug|x86.ActiveCfg = Debug|Any CPU
		{7338F4D1-5A9D-4788-A39E-1DB08C822DA4}.Debug|x86.Build.0 = Debug|Any CPU
		{7338F4D1-5A9D-4788-A39E-1DB08C822DA4}.Release|Any CPU.ActiveCfg = Release|Any CPU
		{7338F4D1-5A9D-4788-A39E-1DB08C822DA4}.Release|Any CPU.Build.0 = Release|Any CPU
		{7338F4D1-5A9D-4788-A39E-1DB08C822DA4}.Release|x64.ActiveCfg = Release|Any CPU
		{7338F4D1-5A9D-4788-A39E-1DB08C822DA4}.Release|x64.Build.0 = Release|Any CPU
		{7338F4D1-5A9D-4788-A39E-1DB08C822DA4}.Release|x86.ActiveCfg = Release|Any CPU
		{7338F4D1-5A9D-4788-A39E-1DB08C822DA4}.Release|x86.Build.0 = Release|Any CPU
		{9A4E2E22-7A2B-4FAA-8AB1-40AFBB387082}.Debug|Any CPU.ActiveCfg = Debug|Any CPU
		{9A4E2E22-7A2B-4FAA-8AB1-40AFBB387082}.Debug|Any CPU.Build.0 = Debug|Any CPU
		{9A4E2E22-7A2B-4FAA-8AB1-40AFBB387082}.Debug|x64.ActiveCfg = Debug|Any CPU
		{9A4E2E22-7A2B-4FAA-8AB1-40AFBB387082}.Debug|x64.Build.0 = Debug|Any CPU
		{9A4E2E22-7A2B-4FAA-8AB1-40AFBB387082}.Debug|x86.ActiveCfg = Debug|Any CPU
		{9A4E2E22-7A2B-4FAA-8AB1-40AFBB387082}.Debug|x86.Build.0 = Debug|Any CPU
		{9A4E2E22-7A2B-4FAA-8AB1-40AFBB387082}.Release|Any CPU.ActiveCfg = Release|Any CPU
		{9A4E2E22-7A2B-4FAA-8AB1-40AFBB387082}.Release|Any CPU.Build.0 = Release|Any CPU
		{9A4E2E22-7A2B-4FAA-8AB1-40AFBB387082}.Release|x64.ActiveCfg = Release|Any CPU
		{9A4E2E22-7A2B-4FAA-8AB1-40AFBB387082}.Release|x64.Build.0 = Release|Any CPU
		{9A4E2E22-7A2B-4FAA-8AB1-40AFBB387082}.Release|x86.ActiveCfg = Release|Any CPU
		{9A4E2E22-7A2B-4FAA-8AB1-40AFBB387082}.Release|x86.Build.0 = Release|Any CPU
		{6789A923-BDFC-4811-8BD9-0E091B21D435}.Debug|Any CPU.ActiveCfg = Debug|Any CPU
		{6789A923-BDFC-4811-8BD9-0E091B21D435}.Debug|Any CPU.Build.0 = Debug|Any CPU
		{6789A923-BDFC-4811-8BD9-0E091B21D435}.Debug|x64.ActiveCfg = Debug|Any CPU
		{6789A923-BDFC-4811-8BD9-0E091B21D435}.Debug|x64.Build.0 = Debug|Any CPU
		{6789A923-BDFC-4811-8BD9-0E091B21D435}.Debug|x86.ActiveCfg = Debug|Any CPU
		{6789A923-BDFC-4811-8BD9-0E091B21D435}.Debug|x86.Build.0 = Debug|Any CPU
		{6789A923-BDFC-4811-8BD9-0E091B21D435}.Release|Any CPU.ActiveCfg = Release|Any CPU
		{6789A923-BDFC-4811-8BD9-0E091B21D435}.Release|Any CPU.Build.0 = Release|Any CPU
		{6789A923-BDFC-4811-8BD9-0E091B21D435}.Release|x64.ActiveCfg = Release|Any CPU
		{6789A923-BDFC-4811-8BD9-0E091B21D435}.Release|x64.Build.0 = Release|Any CPU
		{6789A923-BDFC-4811-8BD9-0E091B21D435}.Release|x86.ActiveCfg = Release|Any CPU
		{6789A923-BDFC-4811-8BD9-0E091B21D435}.Release|x86.Build.0 = Release|Any CPU
		{B3E9C6A4-9C4F-4D53-9F8F-1B7D1B8C5D3A}.Debug|Any CPU.ActiveCfg = Debug|Any CPU
		{B3E9C6A4-9C4F-4D53-9F8F-1B7D1B8C5D3A}.Debug|Any CPU.Build.0 = Debug|Any CPU
		{B3E9C6A4-9C4F-4D53-9F8F-1B7D1B8C5D3A}.Debug|x64.ActiveCfg = Debug|Any CPU
		{B3E9C6A4-9C4F-4D53-9F8F-1B7D1B8C5D3A}.Debug|x64.Build.0 = Debug|Any CPU
		{B3E9C6A4-9C4F-4D53-9F8F-1B7D1B8C5D3A}.Debug|x86.ActiveCfg = Debug|Any CPU
		{B3E9C6A4-9C4F-4D53-9F8F-1B7D1B8C5D3A}.Debug|x86.Build.0 = Debug|Any CPU
		{B3E9C6A4-9C4F-4D53-9F8F-1B7D1B8C5D3A}.Release|Any CPU.ActiveCfg = Release|Any CPU
		{B3E9C6A4-9C4F-4D53-9F8F-1B7D1B8C5D3A}.Release|Any CPU.Build.0 = Release|Any CPU
		{B3E9C6A4-9C4F-4D53-9F8F-1B7D1B8C5D3A}.Release|x64.ActiveCfg = Release|Any CPU
		{B3E9C6A4-9C4F-4D53-9F8F-1B7D1B8C5D3A}.Release|x64.Build.0 = Release|Any CPU
		{B3E9C6A4-9C4F-4D53-9F8F-1B7D1B8C5D3A}.Release|x86.ActiveCfg = Release|Any CPU
		{B3E9C6A4-9C4F-4D53-9F8F-1B7D1B8C5D3A}.Release|x86.Build.0 = Release|Any CPU
		{C82829A5-4F23-4BEA-893B-DCFE192BFC24}.Debug|Any CPU.ActiveCfg = Debug|Any CPU
		{C82829A5-4F23-4BEA-893B-DCFE192BFC24}.Debug|Any CPU.Build.0 = Debug|Any CPU
		{C82829A5-4F23-4BEA-893B-DCFE192BFC24}.Debug|x64.ActiveCfg = Debug|Any CPU
		{C82829A5-4F23-4BEA-893B-DCFE192BFC24}.Debug|x64.Build.0 = Debug|Any CPU
		{C82829A5-4F23-4BEA-893B-DCFE192BFC24}.Debug|x86.ActiveCfg = Debug|Any CPU
		{C82829A5-4F23-4BEA-893B-DCFE192BFC24}.Debug|x86.Build.0 = Debug|Any CPU
		{C82829A5-4F23-4BEA-893B-DCFE192BFC24}.Release|Any CPU.ActiveCfg = Release|Any CPU
		{C82829A5-4F23-4BEA-893B-DCFE192BFC24}.Release|Any CPU.Build.0 = Release|Any CPU
		{C82829A5-4F23-4BEA-893B-DCFE192BFC24}.Release|x64.ActiveCfg = Release|Any CPU
		{C82829A5-4F23-4BEA-893B-DCFE192BFC24}.Release|x64.Build.0 = Release|Any CPU
		{C82829A5-4F23-4BEA-893B-DCFE192BFC24}.Release|x86.ActiveCfg = Release|Any CPU
		{C82829A5-4F23-4BEA-893B-DCFE192BFC24}.Release|x86.Build.0 = Release|Any CPU
		{85B4A8BB-7883-464F-9330-AF0C3AF30E6B}.Debug|Any CPU.ActiveCfg = Debug|Any CPU
		{85B4A8BB-7883-464F-9330-AF0C3AF30E6B}.Debug|Any CPU.Build.0 = Debug|Any CPU
		{85B4A8BB-7883-464F-9330-AF0C3AF30E6B}.Debug|x64.ActiveCfg = Debug|Any CPU
		{85B4A8BB-7883-464F-9330-AF0C3AF30E6B}.Debug|x64.Build.0 = Debug|Any CPU
		{85B4A8BB-7883-464F-9330-AF0C3AF30E6B}.Debug|x86.ActiveCfg = Debug|Any CPU
		{85B4A8BB-7883-464F-9330-AF0C3AF30E6B}.Debug|x86.Build.0 = Debug|Any CPU
		{85B4A8BB-7883-464F-9330-AF0C3AF30E6B}.Release|Any CPU.ActiveCfg = Release|Any CPU
		{85B4A8BB-7883-464F-9330-AF0C3AF30E6B}.Release|Any CPU.Build.0 = Release|Any CPU
		{85B4A8BB-7883-464F-9330-AF0C3AF30E6B}.Release|x64.ActiveCfg = Release|Any CPU
		{85B4A8BB-7883-464F-9330-AF0C3AF30E6B}.Release|x64.Build.0 = Release|Any CPU
		{85B4A8BB-7883-464F-9330-AF0C3AF30E6B}.Release|x86.ActiveCfg = Release|Any CPU
		{85B4A8BB-7883-464F-9330-AF0C3AF30E6B}.Release|x86.Build.0 = Release|Any CPU
		{39EA517F-A6A3-4E5A-8B06-D451DF0AA1AD}.Debug|Any CPU.ActiveCfg = Debug|Any CPU
		{39EA517F-A6A3-4E5A-8B06-D451DF0AA1AD}.Debug|Any CPU.Build.0 = Debug|Any CPU
		{39EA517F-A6A3-4E5A-8B06-D451DF0AA1AD}.Debug|x64.ActiveCfg = Debug|Any CPU
		{39EA517F-A6A3-4E5A-8B06-D451DF0AA1AD}.Debug|x64.Build.0 = Debug|Any CPU
		{39EA517F-A6A3-4E5A-8B06-D451DF0AA1AD}.Debug|x86.ActiveCfg = Debug|Any CPU
		{39EA517F-A6A3-4E5A-8B06-D451DF0AA1AD}.Debug|x86.Build.0 = Debug|Any CPU
		{39EA517F-A6A3-4E5A-8B06-D451DF0AA1AD}.Release|Any CPU.ActiveCfg = Release|Any CPU
		{39EA517F-A6A3-4E5A-8B06-D451DF0AA1AD}.Release|Any CPU.Build.0 = Release|Any CPU
		{39EA517F-A6A3-4E5A-8B06-D451DF0AA1AD}.Release|x64.ActiveCfg = Release|Any CPU
		{39EA517F-A6A3-4E5A-8B06-D451DF0AA1AD}.Release|x64.Build.0 = Release|Any CPU
		{39EA517F-A6A3-4E5A-8B06-D451DF0AA1AD}.Release|x86.ActiveCfg = Release|Any CPU
		{39EA517F-A6A3-4E5A-8B06-D451DF0AA1AD}.Release|x86.Build.0 = Release|Any CPU
		{26724189-A9B2-4CD8-AEA4-87213203EBF9}.Debug|Any CPU.ActiveCfg = Debug|Any CPU
		{26724189-A9B2-4CD8-AEA4-87213203EBF9}.Debug|Any CPU.Build.0 = Debug|Any CPU
		{26724189-A9B2-4CD8-AEA4-87213203EBF9}.Debug|x64.ActiveCfg = Debug|Any CPU
		{26724189-A9B2-4CD8-AEA4-87213203EBF9}.Debug|x64.Build.0 = Debug|Any CPU
		{26724189-A9B2-4CD8-AEA4-87213203EBF9}.Debug|x86.ActiveCfg = Debug|Any CPU
		{26724189-A9B2-4CD8-AEA4-87213203EBF9}.Debug|x86.Build.0 = Debug|Any CPU
		{26724189-A9B2-4CD8-AEA4-87213203EBF9}.Release|Any CPU.ActiveCfg = Release|Any CPU
		{26724189-A9B2-4CD8-AEA4-87213203EBF9}.Release|Any CPU.Build.0 = Release|Any CPU
		{26724189-A9B2-4CD8-AEA4-87213203EBF9}.Release|x64.ActiveCfg = Release|Any CPU
		{26724189-A9B2-4CD8-AEA4-87213203EBF9}.Release|x64.Build.0 = Release|Any CPU
		{26724189-A9B2-4CD8-AEA4-87213203EBF9}.Release|x86.ActiveCfg = Release|Any CPU
		{26724189-A9B2-4CD8-AEA4-87213203EBF9}.Release|x86.Build.0 = Release|Any CPU
		{B9B54F56-69B9-44B8-9EE6-FDFAFB4E5D09}.Debug|Any CPU.ActiveCfg = Debug|Any CPU
		{B9B54F56-69B9-44B8-9EE6-FDFAFB4E5D09}.Debug|Any CPU.Build.0 = Debug|Any CPU
		{B9B54F56-69B9-44B8-9EE6-FDFAFB4E5D09}.Debug|x64.ActiveCfg = Debug|Any CPU
		{B9B54F56-69B9-44B8-9EE6-FDFAFB4E5D09}.Debug|x64.Build.0 = Debug|Any CPU
		{B9B54F56-69B9-44B8-9EE6-FDFAFB4E5D09}.Debug|x86.ActiveCfg = Debug|Any CPU
		{B9B54F56-69B9-44B8-9EE6-FDFAFB4E5D09}.Debug|x86.Build.0 = Debug|Any CPU
		{B9B54F56-69B9-44B8-9EE6-FDFAFB4E5D09}.Release|Any CPU.ActiveCfg = Release|Any CPU
		{B9B54F56-69B9-44B8-9EE6-FDFAFB4E5D09}.Release|Any CPU.Build.0 = Release|Any CPU
		{B9B54F56-69B9-44B8-9EE6-FDFAFB4E5D09}.Release|x64.ActiveCfg = Release|Any CPU
		{B9B54F56-69B9-44B8-9EE6-FDFAFB4E5D09}.Release|x64.Build.0 = Release|Any CPU
		{B9B54F56-69B9-44B8-9EE6-FDFAFB4E5D09}.Release|x86.ActiveCfg = Release|Any CPU
		{B9B54F56-69B9-44B8-9EE6-FDFAFB4E5D09}.Release|x86.Build.0 = Release|Any CPU
		{1A618084-67C3-4FB6-B03C-5A0A4D744BB0}.Debug|Any CPU.ActiveCfg = Debug|Any CPU
		{1A618084-67C3-4FB6-B03C-5A0A4D744BB0}.Debug|Any CPU.Build.0 = Debug|Any CPU
		{1A618084-67C3-4FB6-B03C-5A0A4D744BB0}.Debug|x64.ActiveCfg = Debug|Any CPU
		{1A618084-67C3-4FB6-B03C-5A0A4D744BB0}.Debug|x64.Build.0 = Debug|Any CPU
		{1A618084-67C3-4FB6-B03C-5A0A4D744BB0}.Debug|x86.ActiveCfg = Debug|Any CPU
		{1A618084-67C3-4FB6-B03C-5A0A4D744BB0}.Debug|x86.Build.0 = Debug|Any CPU
		{1A618084-67C3-4FB6-B03C-5A0A4D744BB0}.Release|Any CPU.ActiveCfg = Release|Any CPU
		{1A618084-67C3-4FB6-B03C-5A0A4D744BB0}.Release|Any CPU.Build.0 = Release|Any CPU
		{1A618084-67C3-4FB6-B03C-5A0A4D744BB0}.Release|x64.ActiveCfg = Release|Any CPU
		{1A618084-67C3-4FB6-B03C-5A0A4D744BB0}.Release|x64.Build.0 = Release|Any CPU
		{1A618084-67C3-4FB6-B03C-5A0A4D744BB0}.Release|x86.ActiveCfg = Release|Any CPU
		{1A618084-67C3-4FB6-B03C-5A0A4D744BB0}.Release|x86.Build.0 = Release|Any CPU
	EndGlobalSection
	GlobalSection(SolutionProperties) = preSolution
		HideSolutionNode = FALSE
	EndGlobalSection
	GlobalSection(NestedProjects) = preSolution
		{85B4A8BB-7883-464F-9330-AF0C3AF30E6B} = {07C2787E-EAC7-C090-1BA3-A61EC2A24D84}
		{39EA517F-A6A3-4E5A-8B06-D451DF0AA1AD} = {07C2787E-EAC7-C090-1BA3-A61EC2A24D84}
	EndGlobalSection
EndGlobal
